
Microsoft Visual Studio Solution File, Format Version 12.00
# Visual Studio Version 17
VisualStudioVersion = 17.6.33801.468
MinimumVisualStudioVersion = 10.0.40219.1
Project("{9A19103F-16F7-4668-BE54-9A1E7A4F7556}") = "Observer", "Observer\Observer.csproj", "{F82FBC28-1526-4590-B8F6-AC9EFA4EBE7E}"
EndProject
Project("{9A19103F-16F7-4668-BE54-9A1E7A4F7556}") = "IteratorAndComposite", "IteratorAndComposite\IteratorAndComposite.csproj", "{B842C2AD-2122-4BF0-85E2-6EDA309CF76F}"
EndProject
Project("{FAE04EC0-301F-11D3-BF4B-00C04F79EFBC}") = "DotNetFrameWorkPlayground", "DotNetFrameWorkPlayground\DotNetFrameWorkPlayground.csproj", "{3590A634-D935-4EFA-BC7F-F14502B5266F}"
EndProject
Project("{FAE04EC0-301F-11D3-BF4B-00C04F79EFBC}") = "StatePattern", "StatePattern\StatePattern.csproj", "{851B2A06-8D75-494C-AF8F-65686814D673}"
EndProject
Global
	GlobalSection(SolutionConfigurationPlatforms) = preSolution
		Debug|Any CPU = Debug|Any CPU
		Release|Any CPU = Release|Any CPU
	EndGlobalSection
	GlobalSection(ProjectConfigurationPlatforms) = postSolution
		{F82FBC28-1526-4590-B8F6-AC9EFA4EBE7E}.Debug|Any CPU.ActiveCfg = Debug|Any CPU
		{F82FBC28-1526-4590-B8F6-AC9EFA4EBE7E}.Debug|Any CPU.Build.0 = Debug|Any CPU
		{F82FBC28-1526-4590-B8F6-AC9EFA4EBE7E}.Release|Any CPU.ActiveCfg = Release|Any CPU
		{F82FBC28-1526-4590-B8F6-AC9EFA4EBE7E}.Release|Any CPU.Build.0 = Release|Any CPU
		{B842C2AD-2122-4BF0-85E2-6EDA309CF76F}.Debug|Any CPU.ActiveCfg = Debug|Any CPU
		{B842C2AD-2122-4BF0-85E2-6EDA309CF76F}.Debug|Any CPU.Build.0 = Debug|Any CPU
		{B842C2AD-2122-4BF0-85E2-6EDA309CF76F}.Release|Any CPU.ActiveCfg = Release|Any CPU
		{B842C2AD-2122-4BF0-85E2-6EDA309CF76F}.Release|Any CPU.Build.0 = Release|Any CPU
		{3590A634-D935-4EFA-BC7F-F14502B5266F}.Debug|Any CPU.ActiveCfg = Debug|Any CPU
		{3590A634-D935-4EFA-BC7F-F14502B5266F}.Debug|Any CPU.Build.0 = Debug|Any CPU
		{3590A634-D935-4EFA-BC7F-F14502B5266F}.Release|Any CPU.ActiveCfg = Release|Any CPU
		{3590A634-D935-4EFA-BC7F-F14502B5266F}.Release|Any CPU.Build.0 = Release|Any CPU
		{851B2A06-8D75-494C-AF8F-65686814D673}.Debug|Any CPU.ActiveCfg = Debug|Any CPU
		{851B2A06-8D75-494C-AF8F-65686814D673}.Debug|Any CPU.Build.0 = Debug|Any CPU
		{851B2A06-8D75-494C-AF8F-65686814D673}.Release|Any CPU.ActiveCfg = Release|Any CPU
		{851B2A06-8D75-494C-AF8F-65686814D673}.Release|Any CPU.Build.0 = Release|Any CPU
	EndGlobalSection
	GlobalSection(SolutionProperties) = preSolution
		HideSolutionNode = FALSE
	EndGlobalSection
	GlobalSection(ExtensibilityGlobals) = postSolution
		SolutionGuid = {2F6DC095-D3BF-48BF-9652-38855BFE84BB}
	EndGlobalSection
EndGlobal
